# THIS IS AN AUTOGENERATED FILE. DO NOT EDIT THIS FILE DIRECTLY.
# yarn lockfile v1


"@fontsource/mukta@^4.5.10":
  version "4.5.10"
  resolved "https://registry.yarnpkg.com/@fontsource/mukta/-/mukta-4.5.10.tgz#c4756773aa03731c3dba6bee65fcaa55ad1f15b2"
  integrity sha512-tmGW61Bq66WQHuRHTWSsWFYHNyiHo3nkA68Fvo2gB9InrVy7/i6sVPIhnurI0KtCOPpSj21kycU+CyxjlQMEQg==

"@fortawesome/fontawesome-free@^6.3.0":
  version "6.3.0"
  resolved "https://registry.yarnpkg.com/@fortawesome/fontawesome-free/-/fontawesome-free-6.3.0.tgz#b5877182692a6f7a39d1108837bec24247ba4bd7"
  integrity sha512-qVtd5i1Cc7cdrqnTWqTObKQHjPWAiRwjUPaXObaeNPcy7+WKxJumGBx66rfSFgK6LNpIasVKkEgW8oyf0tmPLA==

animate.css@^3.7.2:
  version "3.7.2"
  resolved "https://registry.yarnpkg.com/animate.css/-/animate.css-3.7.2.tgz#e73e0d50e92cb1cfef1597d9b38a9481020e08ea"
  integrity sha512-0bE8zYo7C0KvgOYrSVfrzkbYk6IOTVPNqkiHg2cbyF4Pq/PXzilz4BRWA3hwEUBoMp5VBgrC29lQIZyhRWdBTw==

bootstrap@^3.1.0:
  version "3.4.1"
  resolved "https://registry.yarnpkg.com/bootstrap/-/bootstrap-3.4.1.tgz#c3a347d419e289ad11f4033e3c4132b87c081d72"
  integrity sha512-yN5oZVmRCwe5aKwzRj6736nSmKDX7pLYwsXiCj/EYmo16hODaBiT4En5btW/jhBF/seV+XMx3aYwukYC3A49DA==

jquery@>=1.8.3:
  version "3.6.3"
  resolved "https://registry.yarnpkg.com/jquery/-/jquery-3.6.3.tgz#23ed2ffed8a19e048814f13391a19afcdba160e6"
  integrity sha512-bZ5Sy3YzKo9Fyc8wH2iIQK4JImJ6R0GWI9kL1/k7Z91ZBNgkRXE6U0JfHIizZbort8ZunhSI3jw9I6253ahKfg==

mixitup@^3.3.1:
  version "3.3.1"
  resolved "https://registry.yarnpkg.com/mixitup/-/mixitup-3.3.1.tgz#6ca9b6fc3a202d237b8f3ce9c02f48ac976881f6"
  integrity sha512-5WlMzRNSAU5R1N/NlmOvmYxcZVgib3do5I0H+LO6e0ArI7GlNLMPoAANK7XOemuwJFZcJHIGvWDIPMK1jnWEqA==

owl.carousel@^2.3.4:
  version "2.3.4"
  resolved "https://registry.yarnpkg.com/owl.carousel/-/owl.carousel-2.3.4.tgz#6c53dc8d24304b790e4f27a1dc4a655e973ccdc9"
  integrity sha512-JaDss9+feAvEW8KZppPSpllfposEzQiW+Ytt/Xm5t/3CTJ7YVmkh6RkWixoA2yXk2boIwedYxOvrrppIGzru9A==
  dependencies:
    jquery ">=1.8.3"

waypoints@^4.0.1:
  version "4.0.1"
  resolved "https://registry.yarnpkg.com/waypoints/-/waypoints-4.0.1.tgz#09979a0573810b29627cba4366a284a062ec69c8"
  integrity sha512-PbydbsTvCFYoE1DaRAKBM4xPQi+7ULcULZ7vK79NLM55da5g46oyY62Xv9X5Z9F7O/qXmcS/XJ7Ae2pYij4bpw==
